
Microsoft Visual Studio Solution File, Format Version 12.00
# Visual Studio Version 16
VisualStudioVersion = 16.0.32802.440
MinimumVisualStudioVersion = 10.0.40219.1
Project("{8BC9CEB8-8B4A-11D0-8D11-00A0C91BC942}") = "Start_and_Link", "Start_and_Link\Start_and_Link.vcxproj", "{C34E66F6-61C6-4798-9B17-94E828206475}"
EndProject
Global
	GlobalSection(SolutionConfigurationPlatforms) = preSolution
		Debug|x64 = Debug|x64
		Debug|x86 = Debug|x86
		Release|x64 = Release|x64
		Release|x86 = Release|x86
	EndGlobalSection
	GlobalSection(ProjectConfigurationPlatforms) = postSolution
		{C34E66F6-61C6-4798-9B17-94E828206475}.Debug|x64.ActiveCfg = Debug|x64
		{C34E66F6-61C6-4798-9B17-94E828206475}.Debug|x64.Build.0 = Debug|x64
		{C34E66F6-61C6-4798-9B17-94E828206475}.Debug|x86.ActiveCfg = Debug|Win32
		{C34E66F6-61C6-4798-9B17-94E828206475}.Debug|x86.Build.0 = Debug|Win32
		{C34E66F6-61C6-4798-9B17-94E828206475}.Release|x64.ActiveCfg = Release|x64
		{C34E66F6-61C6-4798-9B17-94E828206475}.Release|x64.Build.0 = Release|x64
		{C34E66F6-61C6-4798-9B17-94E828206475}.Release|x86.ActiveCfg = Release|Win32
		{C34E66F6-61C6-4798-9B17-94E828206475}.Release|x86.Build.0 = Release|Win32
	EndGlobalSection
	GlobalSection(SolutionProperties) = preSolution
		HideSolutionNode = FALSE
	EndGlobalSection
	GlobalSection(ExtensibilityGlobals) = postSolution
		SolutionGuid = {519B4F15-7240-4E60-876A-255FA276EB3A}
	EndGlobalSection
EndGlobal
